
Microsoft Visual Studio Solution File, Format Version 12.00
# Visual Studio Version 17
VisualStudioVersion = 17.9.34728.123
MinimumVisualStudioVersion = 10.0.40219.1
Project("{2150E333-8FDC-42A3-9474-1A3956D46DE8}") = "NLayerExample", "NLayerExample", "{8DE7CF24-6C1E-4D03-BB3A-36CEAB90D48F}"
EndProject
Project("{9A19103F-16F7-4668-BE54-9A1E7A4F7556}") = "MTKDotNetCorePart2.NLayer", "MTKDotNetCorePart2.NLayer\MTKDotNetCorePart2.NLayer.csproj", "{76694F3F-3927-4FF6-859B-B4DBFB500358}"
EndProject
Project("{2150E333-8FDC-42A3-9474-1A3956D46DE8}") = "LatHtaukBayDin", "LatHtaukBayDin", "{F1278E93-F75A-4E12-BD2F-D4D55C51F759}"
EndProject
Project("{9A19103F-16F7-4668-BE54-9A1E7A4F7556}") = "MTKDotNetCorePart2.LatHtaukBayDin", "MTKDotNetCorePart2.LatHtaukBayDin\MTKDotNetCorePart2.LatHtaukBayDin.csproj", "{C7563911-5E5F-410F-9A35-36178E93D165}"
EndProject
Project("{2150E333-8FDC-42A3-9474-1A3956D46DE8}") = "PickAPie", "PickAPie", "{7133544F-156C-406E-9311-15B07CB30688}"
EndProject
Project("{9A19103F-16F7-4668-BE54-9A1E7A4F7556}") = "MTKDotNetCorePart2.PickAPie", "MTKDotNetCorePart2.PickAPie\MTKDotNetCorePart2.PickAPie.csproj", "{A98392BB-5F10-4C21-904B-FCC3F798E21C}"
EndProject
Project("{2150E333-8FDC-42A3-9474-1A3956D46DE8}") = "HttpClient", "HttpClient", "{D8EF6598-B668-4608-A4D8-DA6FBDB90A2F}"
EndProject
Project("{9A19103F-16F7-4668-BE54-9A1E7A4F7556}") = "MTKDotNetCorePart2.HttpClientConsoleApp", "MTKDotNetCorePart2.HttpClientConsoleApp\MTKDotNetCorePart2.HttpClientConsoleApp.csproj", "{1C163187-C0FB-4469-BE3D-D1FDE1FF0D08}"
EndProject
Project("{9A19103F-16F7-4668-BE54-9A1E7A4F7556}") = "MTKDotNetCorePart2.HttpClientApi", "MTKDotNetCorePart2.HttpClientApi\MTKDotNetCorePart2.HttpClientApi.csproj", "{FC5BF11F-07A2-41E4-B21F-BD0BD93AB8CC}"
EndProject
Project("{2150E333-8FDC-42A3-9474-1A3956D46DE8}") = "RestClient", "RestClient", "{3A587C86-74DD-4AE1-ACED-21C860731F4A}"
EndProject
Project("{9A19103F-16F7-4668-BE54-9A1E7A4F7556}") = "MTKDotNetCorePart2.RestClientConsoleApp", "MTKDotNetCorePart2.RestClientConsoleApp\MTKDotNetCorePart2.RestClientConsoleApp.csproj", "{3352005F-25A9-4888-ABD4-FCECA4C995A8}"
EndProject
Project("{9A19103F-16F7-4668-BE54-9A1E7A4F7556}") = "MTKDotNetCorePart2.RestClientApi", "MTKDotNetCorePart2.RestClientApi\MTKDotNetCorePart2.RestClientApi.csproj", "{3AA814C3-C833-42F4-960A-0840E69F3EF4}"
EndProject
Project("{2150E333-8FDC-42A3-9474-1A3956D46DE8}") = "MyanmarProverbs", "MyanmarProverbs", "{2862C2BB-5EC3-4526-8F07-C070FAA0095C}"
EndProject
Project("{9A19103F-16F7-4668-BE54-9A1E7A4F7556}") = "MTKDotNetCorePart2.MyanmarProverbsApi", "MTKDotNetCorePart2.MyanmarProverbsApi\MTKDotNetCorePart2.MyanmarProverbsApi.csproj", "{C2D8B784-521E-4ACB-B4A3-B358638C0242}"
EndProject
Project("{2150E333-8FDC-42A3-9474-1A3956D46DE8}") = "PizzaApi", "PizzaApi", "{7D608AA8-5FD4-48AC-89FD-67AD708E58F5}"
EndProject
Project("{9A19103F-16F7-4668-BE54-9A1E7A4F7556}") = "MTKDotNetCorePart2.PizzaApi", "MTKDotNetCorePart2.PizzaApi\MTKDotNetCorePart2.PizzaApi.csproj", "{CE852031-697B-45C9-BAB3-9ED00B8D2C81}"
EndProject
Project("{2150E333-8FDC-42A3-9474-1A3956D46DE8}") = "PizzaApiDapperService", "PizzaApiDapperService", "{FE2FCB94-7729-4E4E-A6F0-E0FE20AEAE29}"
EndProject
Project("{9A19103F-16F7-4668-BE54-9A1E7A4F7556}") = "MTKDotNetCorePart2.PizzaApiDapperService", "MTKDotNetCorePart2.PizzaApiDapperService\MTKDotNetCorePart2.PizzaApiDapperService.csproj", "{83750912-DE88-45B5-8B0D-2BA64E2B51B2}"
EndProject
Project("{2150E333-8FDC-42A3-9474-1A3956D46DE8}") = "Refit", "Refit", "{B8162F9B-D9D0-4B33-B397-8DB1DDF1AFFB}"
EndProject
Project("{FAE04EC0-301F-11D3-BF4B-00C04F79EFBC}") = "MTKDotNetCorePart2.ConsoleAppRefitExample", "MTKDotNetCorePart2.ConsoleAppRefitExample\MTKDotNetCorePart2.ConsoleAppRefitExample.csproj", "{380CFEC1-3F56-4AF2-BD80-245F6AF2DB2D}"
EndProject
Global
	GlobalSection(SolutionConfigurationPlatforms) = preSolution
		Debug|Any CPU = Debug|Any CPU
		Release|Any CPU = Release|Any CPU
	EndGlobalSection
	GlobalSection(ProjectConfigurationPlatforms) = postSolution
		{76694F3F-3927-4FF6-859B-B4DBFB500358}.Debug|Any CPU.ActiveCfg = Debug|Any CPU
		{76694F3F-3927-4FF6-859B-B4DBFB500358}.Debug|Any CPU.Build.0 = Debug|Any CPU
		{76694F3F-3927-4FF6-859B-B4DBFB500358}.Release|Any CPU.ActiveCfg = Release|Any CPU
		{76694F3F-3927-4FF6-859B-B4DBFB500358}.Release|Any CPU.Build.0 = Release|Any CPU
		{C7563911-5E5F-410F-9A35-36178E93D165}.Debug|Any CPU.ActiveCfg = Debug|Any CPU
		{C7563911-5E5F-410F-9A35-36178E93D165}.Debug|Any CPU.Build.0 = Debug|Any CPU
		{C7563911-5E5F-410F-9A35-36178E93D165}.Release|Any CPU.ActiveCfg = Release|Any CPU
		{C7563911-5E5F-410F-9A35-36178E93D165}.Release|Any CPU.Build.0 = Release|Any CPU
		{A98392BB-5F10-4C21-904B-FCC3F798E21C}.Debug|Any CPU.ActiveCfg = Debug|Any CPU
		{A98392BB-5F10-4C21-904B-FCC3F798E21C}.Debug|Any CPU.Build.0 = Debug|Any CPU
		{A98392BB-5F10-4C21-904B-FCC3F798E21C}.Release|Any CPU.ActiveCfg = Release|Any CPU
		{A98392BB-5F10-4C21-904B-FCC3F798E21C}.Release|Any CPU.Build.0 = Release|Any CPU
		{1C163187-C0FB-4469-BE3D-D1FDE1FF0D08}.Debug|Any CPU.ActiveCfg = Debug|Any CPU
		{1C163187-C0FB-4469-BE3D-D1FDE1FF0D08}.Debug|Any CPU.Build.0 = Debug|Any CPU
		{1C163187-C0FB-4469-BE3D-D1FDE1FF0D08}.Release|Any CPU.ActiveCfg = Release|Any CPU
		{1C163187-C0FB-4469-BE3D-D1FDE1FF0D08}.Release|Any CPU.Build.0 = Release|Any CPU
		{FC5BF11F-07A2-41E4-B21F-BD0BD93AB8CC}.Debug|Any CPU.ActiveCfg = Debug|Any CPU
		{FC5BF11F-07A2-41E4-B21F-BD0BD93AB8CC}.Debug|Any CPU.Build.0 = Debug|Any CPU
		{FC5BF11F-07A2-41E4-B21F-BD0BD93AB8CC}.Release|Any CPU.ActiveCfg = Release|Any CPU
		{FC5BF11F-07A2-41E4-B21F-BD0BD93AB8CC}.Release|Any CPU.Build.0 = Release|Any CPU
		{3352005F-25A9-4888-ABD4-FCECA4C995A8}.Debug|Any CPU.ActiveCfg = Debug|Any CPU
		{3352005F-25A9-4888-ABD4-FCECA4C995A8}.Debug|Any CPU.Build.0 = Debug|Any CPU
		{3352005F-25A9-4888-ABD4-FCECA4C995A8}.Release|Any CPU.ActiveCfg = Release|Any CPU
		{3352005F-25A9-4888-ABD4-FCECA4C995A8}.Release|Any CPU.Build.0 = Release|Any CPU
		{3AA814C3-C833-42F4-960A-0840E69F3EF4}.Debug|Any CPU.ActiveCfg = Debug|Any CPU
		{3AA814C3-C833-42F4-960A-0840E69F3EF4}.Debug|Any CPU.Build.0 = Debug|Any CPU
		{3AA814C3-C833-42F4-960A-0840E69F3EF4}.Release|Any CPU.ActiveCfg = Release|Any CPU
		{3AA814C3-C833-42F4-960A-0840E69F3EF4}.Release|Any CPU.Build.0 = Release|Any CPU
		{C2D8B784-521E-4ACB-B4A3-B358638C0242}.Debug|Any CPU.ActiveCfg = Debug|Any CPU
		{C2D8B784-521E-4ACB-B4A3-B358638C0242}.Debug|Any CPU.Build.0 = Debug|Any CPU
		{C2D8B784-521E-4ACB-B4A3-B358638C0242}.Release|Any CPU.ActiveCfg = Release|Any CPU
		{C2D8B784-521E-4ACB-B4A3-B358638C0242}.Release|Any CPU.Build.0 = Release|Any CPU
		{CE852031-697B-45C9-BAB3-9ED00B8D2C81}.Debug|Any CPU.ActiveCfg = Debug|Any CPU
		{CE852031-697B-45C9-BAB3-9ED00B8D2C81}.Debug|Any CPU.Build.0 = Debug|Any CPU
		{CE852031-697B-45C9-BAB3-9ED00B8D2C81}.Release|Any CPU.ActiveCfg = Release|Any CPU
		{CE852031-697B-45C9-BAB3-9ED00B8D2C81}.Release|Any CPU.Build.0 = Release|Any CPU
		{83750912-DE88-45B5-8B0D-2BA64E2B51B2}.Debug|Any CPU.ActiveCfg = Debug|Any CPU
		{83750912-DE88-45B5-8B0D-2BA64E2B51B2}.Debug|Any CPU.Build.0 = Debug|Any CPU
		{83750912-DE88-45B5-8B0D-2BA64E2B51B2}.Release|Any CPU.ActiveCfg = Release|Any CPU
		{83750912-DE88-45B5-8B0D-2BA64E2B51B2}.Release|Any CPU.Build.0 = Release|Any CPU
		{380CFEC1-3F56-4AF2-BD80-245F6AF2DB2D}.Debug|Any CPU.ActiveCfg = Debug|Any CPU
		{380CFEC1-3F56-4AF2-BD80-245F6AF2DB2D}.Debug|Any CPU.Build.0 = Debug|Any CPU
		{380CFEC1-3F56-4AF2-BD80-245F6AF2DB2D}.Release|Any CPU.ActiveCfg = Release|Any CPU
		{380CFEC1-3F56-4AF2-BD80-245F6AF2DB2D}.Release|Any CPU.Build.0 = Release|Any CPU
	EndGlobalSection
	GlobalSection(SolutionProperties) = preSolution
		HideSolutionNode = FALSE
	EndGlobalSection
	GlobalSection(NestedProjects) = preSolution
		{76694F3F-3927-4FF6-859B-B4DBFB500358} = {8DE7CF24-6C1E-4D03-BB3A-36CEAB90D48F}
		{C7563911-5E5F-410F-9A35-36178E93D165} = {F1278E93-F75A-4E12-BD2F-D4D55C51F759}
		{A98392BB-5F10-4C21-904B-FCC3F798E21C} = {7133544F-156C-406E-9311-15B07CB30688}
		{1C163187-C0FB-4469-BE3D-D1FDE1FF0D08} = {D8EF6598-B668-4608-A4D8-DA6FBDB90A2F}
		{FC5BF11F-07A2-41E4-B21F-BD0BD93AB8CC} = {D8EF6598-B668-4608-A4D8-DA6FBDB90A2F}
		{3352005F-25A9-4888-ABD4-FCECA4C995A8} = {3A587C86-74DD-4AE1-ACED-21C860731F4A}
		{3AA814C3-C833-42F4-960A-0840E69F3EF4} = {3A587C86-74DD-4AE1-ACED-21C860731F4A}
		{C2D8B784-521E-4ACB-B4A3-B358638C0242} = {2862C2BB-5EC3-4526-8F07-C070FAA0095C}
		{CE852031-697B-45C9-BAB3-9ED00B8D2C81} = {7D608AA8-5FD4-48AC-89FD-67AD708E58F5}
		{83750912-DE88-45B5-8B0D-2BA64E2B51B2} = {FE2FCB94-7729-4E4E-A6F0-E0FE20AEAE29}
		{380CFEC1-3F56-4AF2-BD80-245F6AF2DB2D} = {B8162F9B-D9D0-4B33-B397-8DB1DDF1AFFB}
	EndGlobalSection
	GlobalSection(ExtensibilityGlobals) = postSolution
		SolutionGuid = {710EA6BF-1B7B-4344-990B-19D7DDD6396E}
	EndGlobalSection
EndGlobal
