
Microsoft Visual Studio Solution File, Format Version 12.00
# Visual Studio Version 17
VisualStudioVersion = 17.9.34728.123
MinimumVisualStudioVersion = 10.0.40219.1
Project("{2150E333-8FDC-42A3-9474-1A3956D46DE8}") = "MTKDotNetCore.NLayerExample", "MTKDotNetCore.NLayerExample", "{8DE7CF24-6C1E-4D03-BB3A-36CEAB90D48F}"
EndProject
Project("{FAE04EC0-301F-11D3-BF4B-00C04F79EFBC}") = "MTKDotNetCorePart2.NLayer", "MTKDotNetCorePart2.NLayer\MTKDotNetCorePart2.NLayer.csproj", "{76694F3F-3927-4FF6-859B-B4DBFB500358}"
EndProject
Global
	GlobalSection(SolutionConfigurationPlatforms) = preSolution
		Debug|Any CPU = Debug|Any CPU
		Release|Any CPU = Release|Any CPU
	EndGlobalSection
	GlobalSection(ProjectConfigurationPlatforms) = postSolution
		{76694F3F-3927-4FF6-859B-B4DBFB500358}.Debug|Any CPU.ActiveCfg = Debug|Any CPU
		{76694F3F-3927-4FF6-859B-B4DBFB500358}.Debug|Any CPU.Build.0 = Debug|Any CPU
		{76694F3F-3927-4FF6-859B-B4DBFB500358}.Release|Any CPU.ActiveCfg = Release|Any CPU
		{76694F3F-3927-4FF6-859B-B4DBFB500358}.Release|Any CPU.Build.0 = Release|Any CPU
	EndGlobalSection
	GlobalSection(SolutionProperties) = preSolution
		HideSolutionNode = FALSE
	EndGlobalSection
	GlobalSection(NestedProjects) = preSolution
		{76694F3F-3927-4FF6-859B-B4DBFB500358} = {8DE7CF24-6C1E-4D03-BB3A-36CEAB90D48F}
	EndGlobalSection
	GlobalSection(ExtensibilityGlobals) = postSolution
		SolutionGuid = {710EA6BF-1B7B-4344-990B-19D7DDD6396E}
	EndGlobalSection
EndGlobal
